
Microsoft Visual Studio Solution File, Format Version 12.00
# Visual Studio Version 17
VisualStudioVersion = 17.3.32929.385
MinimumVisualStudioVersion = 10.0.40219.1
Project("{9A19103F-16F7-4668-BE54-9A1E7A4F7556}") = "Prototype", "DesignPatterns\Prototype.csproj", "{B5B79CA1-B40B-49B3-ABFF-50754801690E}"
EndProject
Project("{FAE04EC0-301F-11D3-BF4B-00C04F79EFBC}") = "Observer", "Observer\Observer.csproj", "{B2599628-59ED-47B1-9FE4-7289701A488E}"
EndProject
Project("{FAE04EC0-301F-11D3-BF4B-00C04F79EFBC}") = "Flyweight", "Flyweight\Flyweight.csproj", "{05152B87-8151-4C3F-AF47-29E110E90EB8}"
EndProject
Global
	GlobalSection(SolutionConfigurationPlatforms) = preSolution
		Debug|Any CPU = Debug|Any CPU
		Release|Any CPU = Release|Any CPU
	EndGlobalSection
	GlobalSection(ProjectConfigurationPlatforms) = postSolution
		{B5B79CA1-B40B-49B3-ABFF-50754801690E}.Debug|Any CPU.ActiveCfg = Debug|Any CPU
		{B5B79CA1-B40B-49B3-ABFF-50754801690E}.Debug|Any CPU.Build.0 = Debug|Any CPU
		{B5B79CA1-B40B-49B3-ABFF-50754801690E}.Release|Any CPU.ActiveCfg = Release|Any CPU
		{B5B79CA1-B40B-49B3-ABFF-50754801690E}.Release|Any CPU.Build.0 = Release|Any CPU
		{B2599628-59ED-47B1-9FE4-7289701A488E}.Debug|Any CPU.ActiveCfg = Debug|Any CPU
		{B2599628-59ED-47B1-9FE4-7289701A488E}.Debug|Any CPU.Build.0 = Debug|Any CPU
		{B2599628-59ED-47B1-9FE4-7289701A488E}.Release|Any CPU.ActiveCfg = Release|Any CPU
		{B2599628-59ED-47B1-9FE4-7289701A488E}.Release|Any CPU.Build.0 = Release|Any CPU
		{05152B87-8151-4C3F-AF47-29E110E90EB8}.Debug|Any CPU.ActiveCfg = Debug|Any CPU
		{05152B87-8151-4C3F-AF47-29E110E90EB8}.Debug|Any CPU.Build.0 = Debug|Any CPU
		{05152B87-8151-4C3F-AF47-29E110E90EB8}.Release|Any CPU.ActiveCfg = Release|Any CPU
		{05152B87-8151-4C3F-AF47-29E110E90EB8}.Release|Any CPU.Build.0 = Release|Any CPU
	EndGlobalSection
	GlobalSection(SolutionProperties) = preSolution
		HideSolutionNode = FALSE
	EndGlobalSection
	GlobalSection(ExtensibilityGlobals) = postSolution
		SolutionGuid = {98FE1830-ACD9-4721-ADBE-20BA411D312C}
	EndGlobalSection
EndGlobal
